
Microsoft Visual Studio Solution File, Format Version 12.00
# Visual Studio Version 17
VisualStudioVersion = 17.1.32228.430
MinimumVisualStudioVersion = 10.0.40219.1
Project("{2150E333-8FDC-42A3-9474-1A3956D46DE8}") = "Sneaker", "Sneaker", "{DC7E896A-87FC-4D35-83D6-6CAB5A910CD4}"
EndProject
Project("{2150E333-8FDC-42A3-9474-1A3956D46DE8}") = "BL", "BL", "{58B471BB-D5EF-451D-864B-6895CEFB5FEC}"
EndProject
Project("{2150E333-8FDC-42A3-9474-1A3956D46DE8}") = "DAL", "DAL", "{9A3041F4-3C05-420C-A72D-F6E8EE9CA950}"
EndProject
Project("{2150E333-8FDC-42A3-9474-1A3956D46DE8}") = "PL", "PL", "{C5BB99CE-1046-472D-B940-74CE68B039A5}"
EndProject
Project("{9A19103F-16F7-4668-BE54-9A1E7A4F7556}") = "SneakerDAL", "SneakerDAL\SneakerDAL.csproj", "{E931C241-490E-431A-A9D0-A64C43E3B053}"
EndProject
Project("{9A19103F-16F7-4668-BE54-9A1E7A4F7556}") = "SneakerLIB", "SneakerLIB\SneakerLIB.csproj", "{D62E94E4-6D6A-4686-B4C9-7EBED42F54F9}"
EndProject
Project("{9A19103F-16F7-4668-BE54-9A1E7A4F7556}") = "sneakerapi", "sneakerapi\sneakerapi.csproj", "{22323E1B-AFA9-4D77-8935-40B484B594BC}"
EndProject
Project("{FAE04EC0-301F-11D3-BF4B-00C04F79EFBC}") = "SneakerApp1", "SneakerApp1\SneakerApp1.csproj", "{DD8EF362-039B-4235-971F-0FFACDF120B9}"
EndProject
Global
	GlobalSection(SolutionConfigurationPlatforms) = preSolution
		Debug|Any CPU = Debug|Any CPU
		Release|Any CPU = Release|Any CPU
	EndGlobalSection
	GlobalSection(ProjectConfigurationPlatforms) = postSolution
		{E931C241-490E-431A-A9D0-A64C43E3B053}.Debug|Any CPU.ActiveCfg = Debug|Any CPU
		{E931C241-490E-431A-A9D0-A64C43E3B053}.Debug|Any CPU.Build.0 = Debug|Any CPU
		{E931C241-490E-431A-A9D0-A64C43E3B053}.Release|Any CPU.ActiveCfg = Release|Any CPU
		{E931C241-490E-431A-A9D0-A64C43E3B053}.Release|Any CPU.Build.0 = Release|Any CPU
		{D62E94E4-6D6A-4686-B4C9-7EBED42F54F9}.Debug|Any CPU.ActiveCfg = Debug|Any CPU
		{D62E94E4-6D6A-4686-B4C9-7EBED42F54F9}.Debug|Any CPU.Build.0 = Debug|Any CPU
		{D62E94E4-6D6A-4686-B4C9-7EBED42F54F9}.Release|Any CPU.ActiveCfg = Release|Any CPU
		{D62E94E4-6D6A-4686-B4C9-7EBED42F54F9}.Release|Any CPU.Build.0 = Release|Any CPU
		{22323E1B-AFA9-4D77-8935-40B484B594BC}.Debug|Any CPU.ActiveCfg = Debug|Any CPU
		{22323E1B-AFA9-4D77-8935-40B484B594BC}.Debug|Any CPU.Build.0 = Debug|Any CPU
		{22323E1B-AFA9-4D77-8935-40B484B594BC}.Release|Any CPU.ActiveCfg = Release|Any CPU
		{22323E1B-AFA9-4D77-8935-40B484B594BC}.Release|Any CPU.Build.0 = Release|Any CPU
		{DD8EF362-039B-4235-971F-0FFACDF120B9}.Debug|Any CPU.ActiveCfg = Debug|Any CPU
		{DD8EF362-039B-4235-971F-0FFACDF120B9}.Debug|Any CPU.Build.0 = Debug|Any CPU
		{DD8EF362-039B-4235-971F-0FFACDF120B9}.Release|Any CPU.ActiveCfg = Release|Any CPU
		{DD8EF362-039B-4235-971F-0FFACDF120B9}.Release|Any CPU.Build.0 = Release|Any CPU
	EndGlobalSection
	GlobalSection(SolutionProperties) = preSolution
		HideSolutionNode = FALSE
	EndGlobalSection
	GlobalSection(NestedProjects) = preSolution
		{58B471BB-D5EF-451D-864B-6895CEFB5FEC} = {DC7E896A-87FC-4D35-83D6-6CAB5A910CD4}
		{9A3041F4-3C05-420C-A72D-F6E8EE9CA950} = {DC7E896A-87FC-4D35-83D6-6CAB5A910CD4}
		{C5BB99CE-1046-472D-B940-74CE68B039A5} = {DC7E896A-87FC-4D35-83D6-6CAB5A910CD4}
		{E931C241-490E-431A-A9D0-A64C43E3B053} = {9A3041F4-3C05-420C-A72D-F6E8EE9CA950}
		{D62E94E4-6D6A-4686-B4C9-7EBED42F54F9} = {58B471BB-D5EF-451D-864B-6895CEFB5FEC}
		{22323E1B-AFA9-4D77-8935-40B484B594BC} = {C5BB99CE-1046-472D-B940-74CE68B039A5}
		{DD8EF362-039B-4235-971F-0FFACDF120B9} = {C5BB99CE-1046-472D-B940-74CE68B039A5}
	EndGlobalSection
	GlobalSection(ExtensibilityGlobals) = postSolution
		SolutionGuid = {BBCB94BD-8696-4F19-8D11-7D88821A2A07}
	EndGlobalSection
EndGlobal
